// !$*UTF8*$!
{
	archiveVersion = 1;
	classes = {
	};
	objectVersion = 56;
	objects = {

/* Begin PBXBuildFile section */
		159B9DEB2A2B16A6001B2CFF /* AppDelegate.swift in Sources */ = {isa = PBXBuildFile; fileRef = 159B9DEA2A2B16A6001B2CFF /* AppDelegate.swift */; };
		159B9DED2A2B16A7001B2CFF /* SceneDelegate.swift in Sources */ = {isa = PBXBuildFile; fileRef = 159B9DEC2A2B16A6001B2CFF /* SceneDelegate.swift */; };
		159B9DEF2A2B16A7001B2CFF /* ViewController.swift in Sources */ = {isa = PBXBuildFile; fileRef = 159B9DEE2A2B16A7001B2CFF /* ViewController.swift */; };
		159B9DF22A2B16A7001B2CFF /* Main.storyboard in Resources */ = {isa = PBXBuildFile; fileRef = 159B9DF02A2B16A7001B2CFF /* Main.storyboard */; };
		159B9DF42A2B16A9001B2CFF /* Assets.xcassets in Resources */ = {isa = PBXBuildFile; fileRef = 159B9DF32A2B16A9001B2CFF /* Assets.xcassets */; };
		159B9DF72A2B16A9001B2CFF /* LaunchScreen.storyboard in Resources */ = {isa = PBXBuildFile; fileRef = 159B9DF52A2B16A9001B2CFF /* LaunchScreen.storyboard */; };
		159B9E022A2B24EE001B2CFF /* Bill.swift in Sources */ = {isa = PBXBuildFile; fileRef = 159B9E012A2B24EE001B2CFF /* Bill.swift */; };
		159B9E042A2B254E001B2CFF /* BillBrain.swift in Sources */ = {isa = PBXBuildFile; fileRef = 159B9E032A2B254E001B2CFF /* BillBrain.swift */; };
		159B9E062A2B31F4001B2CFF /* SecondViewController.swift in Sources */ = {isa = PBXBuildFile; fileRef = 159B9E052A2B31F4001B2CFF /* SecondViewController.swift */; };
/* End PBXBuildFile section */

/* Begin PBXFileReference section */
		159B9DE72A2B16A6001B2CFF /* BillCalculate.app */ = {isa = PBXFileReference; explicitFileType = wrapper.application; includeInIndex = 0; path = BillCalculate.app; sourceTree = BUILT_PRODUCTS_DIR; };
		159B9DEA2A2B16A6001B2CFF /* AppDelegate.swift */ = {isa = PBXFileReference; lastKnownFileType = sourcecode.swift; path = AppDelegate.swift; sourceTree = "<group>"; };
		159B9DEC2A2B16A6001B2CFF /* SceneDelegate.swift */ = {isa = PBXFileReference; lastKnownFileType = sourcecode.swift; path = SceneDelegate.swift; sourceTree = "<group>"; };
		159B9DEE2A2B16A7001B2CFF /* ViewController.swift */ = {isa = PBXFileReference; lastKnownFileType = sourcecode.swift; path = ViewController.swift; sourceTree = "<group>"; };
		159B9DF12A2B16A7001B2CFF /* Base */ = {isa = PBXFileReference; lastKnownFileType = file.storyboard; name = Base; path = Base.lproj/Main.storyboard; sourceTree = "<group>"; };
		159B9DF32A2B16A9001B2CFF /* Assets.xcassets */ = {isa = PBXFileReference; lastKnownFileType = folder.assetcatalog; path = Assets.xcassets; sourceTree = "<group>"; };
		159B9DF62A2B16A9001B2CFF /* Base */ = {isa = PBXFileReference; lastKnownFileType = file.storyboard; name = Base; path = Base.lproj/LaunchScreen.storyboard; sourceTree = "<group>"; };
		159B9DF82A2B16A9001B2CFF /* Info.plist */ = {isa = PBXFileReference; lastKnownFileType = text.plist.xml; path = Info.plist; sourceTree = "<group>"; };
		159B9E012A2B24EE001B2CFF /* Bill.swift */ = {isa = PBXFileReference; lastKnownFileType = sourcecode.swift; path = Bill.swift; sourceTree = "<group>"; };
		159B9E032A2B254E001B2CFF /* BillBrain.swift */ = {isa = PBXFileReference; lastKnownFileType = sourcecode.swift; path = BillBrain.swift; sourceTree = "<group>"; };
		159B9E052A2B31F4001B2CFF /* SecondViewController.swift */ = {isa = PBXFileReference; lastKnownFileType = sourcecode.swift; path = SecondViewController.swift; sourceTree = "<group>"; };
/* End PBXFileReference section */

/* Begin PBXFrameworksBuildPhase section */
		159B9DE42A2B16A6001B2CFF /* Frameworks */ = {
			isa = PBXFrameworksBuildPhase;
			buildActionMask = 2147483647;
			files = (
			);
			runOnlyForDeploymentPostprocessing = 0;
		};
/* End PBXFrameworksBuildPhase section */

/* Begin PBXGroup section */
		159B9DDE2A2B16A6001B2CFF = {
			isa = PBXGroup;
			children = (
				159B9DE92A2B16A6001B2CFF /* BillCalculate */,
				159B9DE82A2B16A6001B2CFF /* Products */,
			);
			sourceTree = "<group>";
		};
		159B9DE82A2B16A6001B2CFF /* Products */ = {
			isa = PBXGroup;
			children = (
				159B9DE72A2B16A6001B2CFF /* BillCalculate.app */,
			);
			name = Products;
			sourceTree = "<group>";
		};
		159B9DE92A2B16A6001B2CFF /* BillCalculate */ = {
			isa = PBXGroup;
			children = (
				159B9E002A2B24E0001B2CFF /* models */,
				159B9DFF2A2B1BA0001B2CFF /* view */,
				159B9DFE2A2B1B63001B2CFF /* controllers */,
				159B9DEA2A2B16A6001B2CFF /* AppDelegate.swift */,
				159B9DEC2A2B16A6001B2CFF /* SceneDelegate.swift */,
				159B9DF32A2B16A9001B2CFF /* Assets.xcassets */,
				159B9DF52A2B16A9001B2CFF /* LaunchScreen.storyboard */,
				159B9DF82A2B16A9001B2CFF /* Info.plist */,
			);
			path = BillCalculate;
			sourceTree = "<group>";
		};
		159B9DFE2A2B1B63001B2CFF /* controllers */ = {
			isa = PBXGroup;
			children = (
				159B9DEE2A2B16A7001B2CFF /* ViewController.swift */,
				159B9E052A2B31F4001B2CFF /* SecondViewController.swift */,
			);
			path = controllers;
			sourceTree = "<group>";
		};
		159B9DFF2A2B1BA0001B2CFF /* view */ = {
			isa = PBXGroup;
			children = (
				159B9DF02A2B16A7001B2CFF /* Main.storyboard */,
			);
			path = view;
			sourceTree = "<group>";
		};
		159B9E002A2B24E0001B2CFF /* models */ = {
			isa = PBXGroup;
			children = (
				159B9E012A2B24EE001B2CFF /* Bill.swift */,
				159B9E032A2B254E001B2CFF /* BillBrain.swift */,
			);
			path = models;
			sourceTree = "<group>";
		};
/* End PBXGroup section */

/* Begin PBXNativeTarget section */
		159B9DE62A2B16A6001B2CFF /* BillCalculate */ = {
			isa = PBXNativeTarget;
			buildConfigurationList = 159B9DFB2A2B16A9001B2CFF /* Build configuration list for PBXNativeTarget "BillCalculate" */;
			buildPhases = (
				159B9DE32A2B16A6001B2CFF /* Sources */,
				159B9DE42A2B16A6001B2CFF /* Frameworks */,
				159B9DE52A2B16A6001B2CFF /* Resources */,
			);
			buildRules = (
			);
			dependencies = (
			);
			name = BillCalculate;
			productName = BillCalculate;
			productReference = 159B9DE72A2B16A6001B2CFF /* BillCalculate.app */;
			productType = "com.apple.product-type.application";
		};
/* End PBXNativeTarget section */

/* Begin PBXProject section */
		159B9DDF2A2B16A6001B2CFF /* Project object */ = {
			isa = PBXProject;
			attributes = {
				BuildIndependentTargetsInParallel = 1;
				LastSwiftUpdateCheck = 1400;
				LastUpgradeCheck = 1400;
				TargetAttributes = {
					159B9DE62A2B16A6001B2CFF = {
						CreatedOnToolsVersion = 14.0.1;
					};
				};
			};
			buildConfigurationList = 159B9DE22A2B16A6001B2CFF /* Build configuration list for PBXProject "BillCalculate" */;
			compatibilityVersion = "Xcode 14.0";
			developmentRegion = en;
			hasScannedForEncodings = 0;
			knownRegions = (
				en,
				Base,
			);
			mainGroup = 159B9DDE2A2B16A6001B2CFF;
			productRefGroup = 159B9DE82A2B16A6001B2CFF /* Products */;
			projectDirPath = "";
			projectRoot = "";
			targets = (
				159B9DE62A2B16A6001B2CFF /* BillCalculate */,
			);
		};
/* End PBXProject section */

/* Begin PBXResourcesBuildPhase section */
		159B9DE52A2B16A6001B2CFF /* Resources */ = {
			isa = PBXResourcesBuildPhase;
			buildActionMask = 2147483647;
			files = (
				159B9DF72A2B16A9001B2CFF /* LaunchScreen.storyboard in Resources */,
				159B9DF42A2B16A9001B2CFF /* Assets.xcassets in Resources */,
				159B9DF22A2B16A7001B2CFF /* Main.storyboard in Resources */,
			);
			runOnlyForDeploymentPostprocessing = 0;
		};
/* End PBXResourcesBuildPhase section */

/* Begin PBXSourcesBuildPhase section */
		159B9DE32A2B16A6001B2CFF /* Sources */ = {
			isa = PBXSourcesBuildPhase;
			buildActionMask = 2147483647;
			files = (
				159B9E062A2B31F4001B2CFF /* SecondViewController.swift in Sources */,
				159B9E022A2B24EE001B2CFF /* Bill.swift in Sources */,
				159B9DEF2A2B16A7001B2CFF /* ViewController.swift in Sources */,
				159B9DEB2A2B16A6001B2CFF /* AppDelegate.swift in Sources */,
				159B9E042A2B254E001B2CFF /* BillBrain.swift in Sources */,
				159B9DED2A2B16A7001B2CFF /* SceneDelegate.swift in Sources */,
			);
			runOnlyForDeploymentPostprocessing = 0;
		};
/* End PBXSourcesBuildPhase section */

/* Begin PBXVariantGroup section */
		159B9DF02A2B16A7001B2CFF /* Main.storyboard */ = {
			isa = PBXVariantGroup;
			children = (
				159B9DF12A2B16A7001B2CFF /* Base */,
			);
			name = Main.storyboard;
			sourceTree = "<group>";
		};
		159B9DF52A2B16A9001B2CFF /* LaunchScreen.storyboard */ = {
			isa = PBXVariantGroup;
			children = (
				159B9DF62A2B16A9001B2CFF /* Base */,
			);
			name = LaunchScreen.storyboard;
			sourceTree = "<group>";
		};
/* End PBXVariantGroup section */

/* Begin XCBuildConfiguration section */
		159B9DF92A2B16A9001B2CFF /* Debug */ = {
			isa = XCBuildConfiguration;
			buildSettings = {
				ALWAYS_SEARCH_USER_PATHS = NO;
				CLANG_ANALYZER_NONNULL = YES;
				CLANG_ANALYZER_NUMBER_OBJECT_CONVERSION = YES_AGGRESSIVE;
				CLANG_CXX_LANGUAGE_STANDARD = "gnu++20";
				CLANG_ENABLE_MODULES = YES;
				CLANG_ENABLE_OBJC_ARC = YES;
				CLANG_ENABLE_OBJC_WEAK = YES;
				CLANG_WARN_BLOCK_CAPTURE_AUTORELEASING = YES;
				CLANG_WARN_BOOL_CONVERSION = YES;
				CLANG_WARN_COMMA = YES;
				CLANG_WARN_CONSTANT_CONVERSION = YES;
				CLANG_WARN_DEPRECATED_OBJC_IMPLEMENTATIONS = YES;
				CLANG_WARN_DIRECT_OBJC_ISA_USAGE = YES_ERROR;
				CLANG_WARN_DOCUMENTATION_COMMENTS = YES;
				CLANG_WARN_EMPTY_BODY = YES;
				CLANG_WARN_ENUM_CONVERSION = YES;
				CLANG_WARN_INFINITE_RECURSION = YES;
				CLANG_WARN_INT_CONVERSION = YES;
				CLANG_WARN_NON_LITERAL_NULL_CONVERSION = YES;
				CLANG_WARN_OBJC_IMPLICIT_RETAIN_SELF = YES;
				CLANG_WARN_OBJC_LITERAL_CONVERSION = YES;
				CLANG_WARN_OBJC_ROOT_CLASS = YES_ERROR;
				CLANG_WARN_QUOTED_INCLUDE_IN_FRAMEWORK_HEADER = YES;
				CLANG_WARN_RANGE_LOOP_ANALYSIS = YES;
				CLANG_WARN_STRICT_PROTOTYPES = YES;
				CLANG_WARN_SUSPICIOUS_MOVE = YES;
				CLANG_WARN_UNGUARDED_AVAILABILITY = YES_AGGRESSIVE;
				CLANG_WARN_UNREACHABLE_CODE = YES;
				CLANG_WARN__DUPLICATE_METHOD_MATCH = YES;
				COPY_PHASE_STRIP = NO;
				DEBUG_INFORMATION_FORMAT = dwarf;
				ENABLE_STRICT_OBJC_MSGSEND = YES;
				ENABLE_TESTABILITY = YES;
				GCC_C_LANGUAGE_STANDARD = gnu11;
				GCC_DYNAMIC_NO_PIC = NO;
				GCC_NO_COMMON_BLOCKS = YES;
				GCC_OPTIMIZATION_LEVEL = 0;
				GCC_PREPROCESSOR_DEFINITIONS = (
					"DEBUG=1",
					"$(inherited)",
				);
				GCC_WARN_64_TO_32_BIT_CONVERSION = YES;
				GCC_WARN_ABOUT_RETURN_TYPE = YES_ERROR;
				GCC_WARN_UNDECLARED_SELECTOR = YES;
				GCC_WARN_UNINITIALIZED_AUTOS = YES_AGGRESSIVE;
				GCC_WARN_UNUSED_FUNCTION = YES;
				GCC_WARN_UNUSED_VARIABLE = YES;
				IPHONEOS_DEPLOYMENT_TARGET = 16.0;
				MTL_ENABLE_DEBUG_INFO = INCLUDE_SOURCE;
				MTL_FAST_MATH = YES;
				ONLY_ACTIVE_ARCH = YES;
				SDKROOT = iphoneos;
				SWIFT_ACTIVE_COMPILATION_CONDITIONS = DEBUG;
				SWIFT_OPTIMIZATION_LEVEL = "-Onone";
			};
			name = Debug;
		};
		159B9DFA2A2B16A9001B2CFF /* Release */ = {
			isa = XCBuildConfiguration;
			buildSettings = {
				ALWAYS_SEARCH_USER_PATHS = NO;
				CLANG_ANALYZER_NONNULL = YES;
				CLANG_ANALYZER_NUMBER_OBJECT_CONVERSION = YES_AGGRESSIVE;
				CLANG_CXX_LANGUAGE_STANDARD = "gnu++20";
				CLANG_ENABLE_MODULES = YES;
				CLANG_ENABLE_OBJC_ARC = YES;
				CLANG_ENABLE_OBJC_WEAK = YES;
				CLANG_WARN_BLOCK_CAPTURE_AUTORELEASING = YES;
				CLANG_WARN_BOOL_CONVERSION = YES;
				CLANG_WARN_COMMA = YES;
				CLANG_WARN_CONSTANT_CONVERSION = YES;
				CLANG_WARN_DEPRECATED_OBJC_IMPLEMENTATIONS = YES;
				CLANG_WARN_DIRECT_OBJC_ISA_USAGE = YES_ERROR;
				CLANG_WARN_DOCUMENTATION_COMMENTS = YES;
				CLANG_WARN_EMPTY_BODY = YES;
				CLANG_WARN_ENUM_CONVERSION = YES;
				CLANG_WARN_INFINITE_RECURSION = YES;
				CLANG_WARN_INT_CONVERSION = YES;
				CLANG_WARN_NON_LITERAL_NULL_CONVERSION = YES;
				CLANG_WARN_OBJC_IMPLICIT_RETAIN_SELF = YES;
				CLANG_WARN_OBJC_LITERAL_CONVERSION = YES;
				CLANG_WARN_OBJC_ROOT_CLASS = YES_ERROR;
				CLANG_WARN_QUOTED_INCLUDE_IN_FRAMEWORK_HEADER = YES;
				CLANG_WARN_RANGE_LOOP_ANALYSIS = YES;
				CLANG_WARN_STRICT_PROTOTYPES = YES;
				CLANG_WARN_SUSPICIOUS_MOVE = YES;
				CLANG_WARN_UNGUARDED_AVAILABILITY = YES_AGGRESSIVE;
				CLANG_WARN_UNREACHABLE_CODE = YES;
				CLANG_WARN__DUPLICATE_METHOD_MATCH = YES;
				COPY_PHASE_STRIP = NO;
				DEBUG_INFORMATION_FORMAT = "dwarf-with-dsym";
				ENABLE_NS_ASSERTIONS = NO;
				ENABLE_STRICT_OBJC_MSGSEND = YES;
				GCC_C_LANGUAGE_STANDARD = gnu11;
				GCC_NO_COMMON_BLOCKS = YES;
				GCC_WARN_64_TO_32_BIT_CONVERSION = YES;
				GCC_WARN_ABOUT_RETURN_TYPE = YES_ERROR;
				GCC_WARN_UNDECLARED_SELECTOR = YES;
				GCC_WARN_UNINITIALIZED_AUTOS = YES_AGGRESSIVE;
				GCC_WARN_UNUSED_FUNCTION = YES;
				GCC_WARN_UNUSED_VARIABLE = YES;
				IPHONEOS_DEPLOYMENT_TARGET = 16.0;
				MTL_ENABLE_DEBUG_INFO = NO;
				MTL_FAST_MATH = YES;
				SDKROOT = iphoneos;
				SWIFT_COMPILATION_MODE = wholemodule;
				SWIFT_OPTIMIZATION_LEVEL = "-O";
				VALIDATE_PRODUCT = YES;
			};
			name = Release;
		};
		159B9DFC2A2B16A9001B2CFF /* Debug */ = {
			isa = XCBuildConfiguration;
			buildSettings = {
				ASSETCATALOG_COMPILER_APPICON_NAME = AppIcon;
				ASSETCATALOG_COMPILER_GLOBAL_ACCENT_COLOR_NAME = AccentColor;
				CODE_SIGN_STYLE = Automatic;
				CURRENT_PROJECT_VERSION = 1;
				GENERATE_INFOPLIST_FILE = YES;
				INFOPLIST_FILE = BillCalculate/Info.plist;
				INFOPLIST_KEY_UIApplicationSupportsIndirectInputEvents = YES;
				INFOPLIST_KEY_UILaunchStoryboardName = LaunchScreen;
				INFOPLIST_KEY_UIMainStoryboardFile = Main;
				INFOPLIST_KEY_UISupportedInterfaceOrientations_iPad = "UIInterfaceOrientationPortrait UIInterfaceOrientationPortraitUpsideDown UIInterfaceOrientationLandscapeLeft UIInterfaceOrientationLandscapeRight";
				INFOPLIST_KEY_UISupportedInterfaceOrientations_iPhone = "UIInterfaceOrientationPortrait UIInterfaceOrientationLandscapeLeft UIInterfaceOrientationLandscapeRight";
				LD_RUNPATH_SEARCH_PATHS = (
					"$(inherited)",
					"@executable_path/Frameworks",
				);
				MARKETING_VERSION = 1.0;
				PRODUCT_BUNDLE_IDENTIFIER = com.duc.BillCalculate;
				PRODUCT_NAME = "$(TARGET_NAME)";
				SWIFT_EMIT_LOC_STRINGS = YES;
				SWIFT_VERSION = 5.0;
				TARGETED_DEVICE_FAMILY = "1,2";
			};
			name = Debug;
		};
		159B9DFD2A2B16A9001B2CFF /* Release */ = {
			isa = XCBuildConfiguration;
			buildSettings = {
				ASSETCATALOG_COMPILER_APPICON_NAME = AppIcon;
				ASSETCATALOG_COMPILER_GLOBAL_ACCENT_COLOR_NAME = AccentColor;
				CODE_SIGN_STYLE = Automatic;
				CURRENT_PROJECT_VERSION = 1;
				GENERATE_INFOPLIST_FILE = YES;
				INFOPLIST_FILE = BillCalculate/Info.plist;
				INFOPLIST_KEY_UIApplicationSupportsIndirectInputEvents = YES;
				INFOPLIST_KEY_UILaunchStoryboardName = LaunchScreen;
				INFOPLIST_KEY_UIMainStoryboardFile = Main;
				INFOPLIST_KEY_UISupportedInterfaceOrientations_iPad = "UIInterfaceOrientationPortrait UIInterfaceOrientationPortraitUpsideDown UIInterfaceOrientationLandscapeLeft UIInterfaceOrientationLandscapeRight";
				INFOPLIST_KEY_UISupportedInterfaceOrientations_iPhone = "UIInterfaceOrientationPortrait UIInterfaceOrientationLandscapeLeft UIInterfaceOrientationLandscapeRight";
				LD_RUNPATH_SEARCH_PATHS = (
					"$(inherited)",
					"@executable_path/Frameworks",
				);
				MARKETING_VERSION = 1.0;
				PRODUCT_BUNDLE_IDENTIFIER = com.duc.BillCalculate;
				PRODUCT_NAME = "$(TARGET_NAME)";
				SWIFT_EMIT_LOC_STRINGS = YES;
				SWIFT_VERSION = 5.0;
				TARGETED_DEVICE_FAMILY = "1,2";
			};
			name = Release;
		};
/* End XCBuildConfiguration section */

/* Begin XCConfigurationList section */
		159B9DE22A2B16A6001B2CFF /* Build configuration list for PBXProject "BillCalculate" */ = {
			isa = XCConfigurationList;
			buildConfigurations = (
				159B9DF92A2B16A9001B2CFF /* Debug */,
				159B9DFA2A2B16A9001B2CFF /* Release */,
			);
			defaultConfigurationIsVisible = 0;
			defaultConfigurationName = Release;
		};
		159B9DFB2A2B16A9001B2CFF /* Build configuration list for PBXNativeTarget "BillCalculate" */ = {
			isa = XCConfigurationList;
			buildConfigurations = (
				159B9DFC2A2B16A9001B2CFF /* Debug */,
				159B9DFD2A2B16A9001B2CFF /* Release */,
			);
			defaultConfigurationIsVisible = 0;
			defaultConfigurationName = Release;
		};
/* End XCConfigurationList section */
	};
	rootObject = 159B9DDF2A2B16A6001B2CFF /* Project object */;
}
